<?xml version="1.0" encoding="utf-8"?>
<Project ToolsVersion="4.0" xmlns="http://schemas.microsoft.com/developer/msbuild/2003">
  <ItemGroup>
    <ClCompile Include="framework\dllmain.cpp">
      <Filter>framework</Filter>
    </ClCompile>
    <ClCompile Include="user\main.cpp">
      <Filter>user</Filter>
    </ClCompile>
    <ClCompile Include="user\state.cpp">
      <Filter>user</Filter>
    </ClCompile>
    <ClCompile Include="gui\menu.cpp">
      <Filter>gui</Filter>
    </ClCompile>
    <ClCompile Include="gui\radar.cpp">
      <Filter>gui</Filter>
    </ClCompile>
    <ClCompile Include="user\game.cpp">
      <Filter>user</Filter>
    </ClCompile>
    <ClCompile Include="framework\il2cpp-helpers.cpp">
      <Filter>framework</Filter>
    </ClCompile>
    <ClCompile Include="framework\il2cpp-init.cpp">
      <Filter>framework</Filter>
    </ClCompile>
    <ClCompile Include="user\utility.cpp">
      <Filter>user</Filter>
    </ClCompile>
    <ClCompile Include="hooks\_hooks.cpp">
      <Filter>hooks</Filter>
    </ClCompile>
    <ClCompile Include="hooks\HatManager.cpp">
      <Filter>hooks</Filter>
    </ClCompile>
    <ClCompile Include="hooks\KeyboardJoystick.cpp">
      <Filter>hooks</Filter>
    </ClCompile>
    <ClCompile Include="hooks\PlayerControl.cpp">
      <Filter>hooks</Filter>
    </ClCompile>
    <ClCompile Include="hooks\ShipStatus.cpp">
      <Filter>hooks</Filter>
    </ClCompile>
    <ClCompile Include="hooks\StatsManager.cpp">
      <Filter>hooks</Filter>
    </ClCompile>
    <ClCompile Include="hooks\Chat.cpp">
      <Filter>hooks</Filter>
    </ClCompile>
    <ClCompile Include="includes\kiero\kiero.cpp">
      <Filter>includes\kiero</Filter>
    </ClCompile>
    <ClCompile Include="includes\imgui\imgui.cpp">
      <Filter>includes\imgui</Filter>
    </ClCompile>
    <ClCompile Include="includes\imgui\imgui_draw.cpp">
      <Filter>includes\imgui</Filter>
    </ClCompile>
    <ClCompile Include="includes\imgui\imgui_impl_dx11.cpp">
      <Filter>includes\imgui</Filter>
    </ClCompile>
    <ClCompile Include="includes\imgui\imgui_impl_win32.cpp">
      <Filter>includes\imgui</Filter>
    </ClCompile>
    <ClCompile Include="includes\imgui\imgui_widgets.cpp">
      <Filter>includes\imgui</Filter>
    </ClCompile>
    <ClCompile Include="hooks\MeetingHud.cpp">
      <Filter>hooks</Filter>
    </ClCompile>
    <ClCompile Include="hooks\Vent.cpp">
      <Filter>hooks</Filter>
    </ClCompile>
    <ClCompile Include="hooks\SceneManager.cpp">
      <Filter>hooks</Filter>
    </ClCompile>
    <ClCompile Include="framework\x_input.cpp">
      <Filter>framework</Filter>
    </ClCompile>
    <ClCompile Include="hooks\Doors.cpp">
      <Filter>hooks</Filter>
    </ClCompile>
    <ClCompile Include="rpc\RpcSnapTo.cpp">
      <Filter>rpc</Filter>
    </ClCompile>
    <ClCompile Include="rpc\RpcCloseDoorsOfType.cpp">
      <Filter>rpc</Filter>
    </ClCompile>
    <ClCompile Include="rpc\RpcRepairSystem.cpp">
      <Filter>rpc</Filter>
    </ClCompile>
    <ClCompile Include="hooks\GameOptionsData.cpp">
      <Filter>hooks</Filter>
    </ClCompile>
    <ClCompile Include="gui\gui-helpers.cpp">
      <Filter>gui</Filter>
    </ClCompile>
    <ClCompile Include="gui\tabs\game_tab.cpp">
      <Filter>gui\tabs</Filter>
    </ClCompile>
    <ClCompile Include="gui\tabs\doors_tab.cpp">
      <Filter>gui\tabs</Filter>
    </ClCompile>
    <ClCompile Include="gui\tabs\players_tab.cpp">
      <Filter>gui\tabs</Filter>
    </ClCompile>
    <ClCompile Include="gui\tabs\radar_tab.cpp">
      <Filter>gui\tabs</Filter>
    </ClCompile>
    <ClCompile Include="gui\tabs\sabotage_tab.cpp">
      <Filter>gui\tabs</Filter>
    </ClCompile>
    <ClCompile Include="gui\tabs\tasks_tab.cpp">
      <Filter>gui\tabs</Filter>
    </ClCompile>
    <ClCompile Include="gui\console.cpp">
      <Filter>gui</Filter>
    </ClCompile>
    <ClCompile Include="events\VentEvent.cpp">
      <Filter>events</Filter>
    </ClCompile>
    <ClCompile Include="events\TaskCompletedEvent.cpp">
      <Filter>events</Filter>
    </ClCompile>
    <ClCompile Include="events\ReportDeadBodyEvent.cpp">
      <Filter>events</Filter>
    </ClCompile>
    <ClCompile Include="events\KillEvent.cpp">
      <Filter>events</Filter>
    </ClCompile>
    <ClCompile Include="events\CastVoteEvent.cpp">
      <Filter>events</Filter>
    </ClCompile>
    <ClCompile Include="rpc\RpcCompleteTask.cpp">
      <Filter>rpc</Filter>
    </ClCompile>
    <ClCompile Include="events\WalkEvent.cpp">
      <Filter>events</Filter>
    </ClCompile>
    <ClCompile Include="gui\tabs\host_tab.cpp">
      <Filter>gui\tabs</Filter>
    </ClCompile>
    <ClCompile Include="gui\tabs\self_tab.cpp">
      <Filter>gui\tabs</Filter>
    </ClCompile>
  </ItemGroup>
  <ItemGroup>
    <ClInclude Include="user\main.h">
      <Filter>user</Filter>
    </ClInclude>
    <ClInclude Include="user\state.hpp">
      <Filter>user</Filter>
    </ClInclude>
    <ClInclude Include="gui\radar.hpp">
      <Filter>gui</Filter>
    </ClInclude>
    <ClInclude Include="gui\menu.hpp">
      <Filter>gui</Filter>
    </ClInclude>
    <ClInclude Include="framework\il2cpp-appdata.h">
      <Filter>framework</Filter>
    </ClInclude>
    <ClInclude Include="user\game.hpp">
      <Filter>user</Filter>
    </ClInclude>
    <ClInclude Include="framework\il2cpp-helpers.h">
      <Filter>framework</Filter>
    </ClInclude>
    <ClInclude Include="framework\il2cpp-init.h">
      <Filter>framework</Filter>
    </ClInclude>
    <ClInclude Include="appdata\il2cpp-api-functions.h">
      <Filter>appdata</Filter>
    </ClInclude>
    <ClInclude Include="appdata\il2cpp-classes.h">
      <Filter>appdata</Filter>
    </ClInclude>
    <ClInclude Include="appdata\il2cpp-functions.h">
      <Filter>appdata</Filter>
    </ClInclude>
    <ClInclude Include="appdata\il2cpp-translations.h">
      <Filter>appdata</Filter>
    </ClInclude>
    <ClInclude Include="appdata\il2cpp-types.h">
      <Filter>appdata</Filter>
    </ClInclude>
    <ClInclude Include="user\utility.h">
      <Filter>user</Filter>
    </ClInclude>
    <ClInclude Include="includes\kiero\kiero.h">
      <Filter>includes\kiero</Filter>
    </ClInclude>
    <ClInclude Include="includes\imgui\imconfig.h">
      <Filter>includes\imgui</Filter>
    </ClInclude>
    <ClInclude Include="includes\imgui\imgui.h">
      <Filter>includes\imgui</Filter>
    </ClInclude>
    <ClInclude Include="includes\imgui\imgui_impl_dx11.h">
      <Filter>includes\imgui</Filter>
    </ClInclude>
    <ClInclude Include="includes\imgui\imgui_impl_win32.h">
      <Filter>includes\imgui</Filter>
    </ClInclude>
    <ClInclude Include="includes\imgui\imgui_internal.h">
      <Filter>includes\imgui</Filter>
    </ClInclude>
    <ClInclude Include="includes\imgui\imstb_rectpack.h">
      <Filter>includes\imgui</Filter>
    </ClInclude>
    <ClInclude Include="includes\imgui\imstb_textedit.h">
      <Filter>includes\imgui</Filter>
    </ClInclude>
    <ClInclude Include="includes\imgui\imstb_truetype.h">
      <Filter>includes\imgui</Filter>
    </ClInclude>
    <ClInclude Include="includes\stb_image.h">
      <Filter>includes</Filter>
    </ClInclude>
    <ClInclude Include="includes\json.hpp">
      <Filter>includes</Filter>
    </ClInclude>
    <ClInclude Include="includes\signature.hpp">
      <Filter>includes</Filter>
    </ClInclude>
    <ClInclude Include="includes\detours\detours.h">
      <Filter>includes\detours</Filter>
    </ClInclude>
    <ClInclude Include="rpc\_rpc.h">
      <Filter>rpc</Filter>
    </ClInclude>
    <ClInclude Include="framework\x_input.h">
      <Filter>framework</Filter>
    </ClInclude>
    <ClInclude Include="user\version.h">
      <Filter>user</Filter>
    </ClInclude>
    <ClInclude Include="gui\tabs\game_tab.h">
      <Filter>gui\tabs</Filter>
    </ClInclude>
    <ClInclude Include="gui\tabs\doors_tab.h">
      <Filter>gui\tabs</Filter>
    </ClInclude>
    <ClInclude Include="gui\tabs\players_tab.h">
      <Filter>gui\tabs</Filter>
    </ClInclude>
    <ClInclude Include="gui\tabs\radar_tab.h">
      <Filter>gui\tabs</Filter>
    </ClInclude>
    <ClInclude Include="gui\tabs\sabotage_tab.h">
      <Filter>gui\tabs</Filter>
    </ClInclude>
    <ClInclude Include="gui\tabs\tasks_tab.h">
      <Filter>gui\tabs</Filter>
    </ClInclude>
    <ClInclude Include="gui\console.hpp">
      <Filter>gui</Filter>
    </ClInclude>
    <ClInclude Include="gui\gui-helpers.hpp">
      <Filter>gui</Filter>
    </ClInclude>
    <ClInclude Include="gui\theme.hpp">
      <Filter>gui</Filter>
    </ClInclude>
    <ClInclude Include="hooks\_hooks.hpp">
      <Filter>hooks</Filter>
    </ClInclude>
    <ClInclude Include="events\_events.h">
      <Filter>events</Filter>
    </ClInclude>
    <ClInclude Include="includes\imhotkeys.h">
      <Filter>includes</Filter>
    </ClInclude>
    <ClInclude Include="gui\tabs\host_tab.h">
      <Filter>gui\tabs</Filter>
    </ClInclude>
    <ClInclude Include="gui\tabs\self_tab.h">
      <Filter>gui\tabs</Filter>
    </ClInclude>
  </ItemGroup>
  <ItemGroup>
    <Filter Include="user">
      <UniqueIdentifier>{a6379efa-a0e3-4cca-8fc1-26c9a9d711d2}</UniqueIdentifier>
    </Filter>
    <Filter Include="framework">
      <UniqueIdentifier>{5171b04e-e103-4beb-8fc6-39a56e5bed75}</UniqueIdentifier>
    </Filter>
    <Filter Include="hooks">
      <UniqueIdentifier>{33323a38-be2c-4868-8d12-a2eaf9169f3f}</UniqueIdentifier>
    </Filter>
    <Filter Include="gui">
      <UniqueIdentifier>{26a3c830-f0ea-46fc-ab04-9e43e67d9efd}</UniqueIdentifier>
    </Filter>
    <Filter Include="appdata">
      <UniqueIdentifier>{80c78902-affc-43fb-9c81-cd744244e6f8}</UniqueIdentifier>
    </Filter>
    <Filter Include="includes">
      <UniqueIdentifier>{b5d4530e-2fca-4836-8e90-5e55f5445e39}</UniqueIdentifier>
    </Filter>
    <Filter Include="includes\detours">
      <UniqueIdentifier>{166264ce-d359-420e-ba62-adba2279ff8f}</UniqueIdentifier>
    </Filter>
    <Filter Include="includes\kiero">
      <UniqueIdentifier>{20efd3a7-e4c8-4470-a08e-648e1abcd71e}</UniqueIdentifier>
    </Filter>
    <Filter Include="includes\imgui">
      <UniqueIdentifier>{0ea105ce-0c37-46f9-8a5e-b845cb40a743}</UniqueIdentifier>
    </Filter>
    <Filter Include="rpc">
      <UniqueIdentifier>{34796e1f-0eb0-4048-8a58-92b9eed2b812}</UniqueIdentifier>
    </Filter>
    <Filter Include="gui\tabs">
      <UniqueIdentifier>{adf8506d-c5ae-43ab-a084-b809640a34aa}</UniqueIdentifier>
    </Filter>
    <Filter Include="events">
      <UniqueIdentifier>{d526527a-bee5-4ec3-ab45-73dcba5394b0}</UniqueIdentifier>
    </Filter>
  </ItemGroup>
  <ItemGroup>
    <Natvis Include="NatvisFile.natvis" />
  </ItemGroup>
  <ItemGroup>
    <Library Include="includes\detours\detours.lib">
      <Filter>includes\detours</Filter>
    </Library>
  </ItemGroup>
</Project>