<?xml version="1.0" encoding="utf-8"?>
<Project ToolsVersion="4.0" xmlns="http://schemas.microsoft.com/developer/msbuild/2003">
  <ItemGroup>
    <Natvis Include="NatvisFile.natvis" />
  </ItemGroup>
  <ItemGroup>
    <ClCompile Include="framework\dllmain.cpp">
      <Filter>framework</Filter>
    </ClCompile>
    <ClCompile Include="framework\il2cpp-helpers.cpp">
      <Filter>framework</Filter>
    </ClCompile>
    <ClCompile Include="framework\il2cpp-init.cpp">
      <Filter>framework</Filter>
    </ClCompile>
    <ClCompile Include="framework\version.cpp">
      <Filter>framework</Filter>
    </ClCompile>
    <ClCompile Include="gui\gui-helpers.cpp">
      <Filter>gui</Filter>
    </ClCompile>
    <ClCompile Include="gui\menu.cpp">
      <Filter>gui</Filter>
    </ClCompile>
    <ClCompile Include="gui\radar.cpp">
      <Filter>gui</Filter>
    </ClCompile>
    <ClCompile Include="gui\tabs\debug_tab.cpp">
      <Filter>gui\tabs</Filter>
    </ClCompile>
    <ClCompile Include="gui\tabs\doors_tab.cpp">
      <Filter>gui\tabs</Filter>
    </ClCompile>
    <ClCompile Include="gui\tabs\game_tab.cpp">
      <Filter>gui\tabs</Filter>
    </ClCompile>
    <ClCompile Include="gui\tabs\host_tab.cpp">
      <Filter>gui\tabs</Filter>
    </ClCompile>
    <ClCompile Include="gui\tabs\players_tab.cpp">
      <Filter>gui\tabs</Filter>
    </ClCompile>
    <ClCompile Include="gui\tabs\sabotage_tab.cpp">
      <Filter>gui\tabs</Filter>
    </ClCompile>
    <ClCompile Include="gui\tabs\self_tab.cpp">
      <Filter>gui\tabs</Filter>
    </ClCompile>
    <ClCompile Include="gui\tabs\settings_tab.cpp">
      <Filter>gui\tabs</Filter>
    </ClCompile>
    <ClCompile Include="gui\tabs\tasks_tab.cpp">
      <Filter>gui\tabs</Filter>
    </ClCompile>
    <ClCompile Include="hooks\_hooks.cpp">
      <Filter>hooks</Filter>
    </ClCompile>
    <ClCompile Include="hooks\DirectX.cpp">
      <Filter>hooks</Filter>
    </ClCompile>
    <ClCompile Include="hooks\Chat.cpp">
      <Filter>hooks</Filter>
    </ClCompile>
    <ClCompile Include="hooks\Dleks.cpp">
      <Filter>hooks</Filter>
    </ClCompile>
    <ClCompile Include="hooks\Doors.cpp">
      <Filter>hooks</Filter>
    </ClCompile>
    <ClCompile Include="hooks\GameOptionsManager.cpp">
      <Filter>hooks</Filter>
    </ClCompile>
    <ClCompile Include="hooks\HudManager.cpp">
      <Filter>hooks</Filter>
    </ClCompile>
    <ClCompile Include="hooks\InnerNetClient.cpp">
      <Filter>hooks</Filter>
    </ClCompile>
    <ClCompile Include="hooks\KeyboardJoystick.cpp">
      <Filter>hooks</Filter>
    </ClCompile>
    <ClCompile Include="hooks\LobbyBehaviour.cpp">
      <Filter>hooks</Filter>
    </ClCompile>
    <ClCompile Include="hooks\MeetingHud.cpp">
      <Filter>hooks</Filter>
    </ClCompile>
    <ClCompile Include="hooks\PlayerControl.cpp">
      <Filter>hooks</Filter>
    </ClCompile>
    <ClCompile Include="hooks\SceneManager.cpp">
      <Filter>hooks</Filter>
    </ClCompile>
    <ClCompile Include="hooks\ShipStatus.cpp">
      <Filter>hooks</Filter>
    </ClCompile>
    <ClCompile Include="hooks\StatsManager.cpp">
      <Filter>hooks</Filter>
    </ClCompile>
    <ClCompile Include="hooks\Vent.cpp">
      <Filter>hooks</Filter>
    </ClCompile>
    <ClCompile Include="includes\crc32.cpp">
      <Filter>includes</Filter>
    </ClCompile>
    <ClCompile Include="includes\directx11.cpp">
      <Filter>includes</Filter>
    </ClCompile>
    <ClCompile Include="includes\imgui\imgui.cpp">
      <Filter>includes\imgui</Filter>
    </ClCompile>
    <ClCompile Include="includes\imgui\imgui_draw.cpp">
      <Filter>includes\imgui</Filter>
    </ClCompile>
    <ClCompile Include="includes\imgui\imgui_impl_dx11.cpp">
      <Filter>includes\imgui</Filter>
    </ClCompile>
    <ClCompile Include="includes\imgui\imgui_impl_win32.cpp">
      <Filter>includes\imgui</Filter>
    </ClCompile>
    <ClCompile Include="includes\imgui\imgui_widgets.cpp">
      <Filter>includes\imgui</Filter>
    </ClCompile>
    <ClCompile Include="includes\detours\detours.cpp">
      <Filter>includes\detours</Filter>
    </ClCompile>
    <ClCompile Include="includes\detours\disasm.cpp">
      <Filter>includes\detours</Filter>
    </ClCompile>
    <ClCompile Include="includes\detours\modules.cpp">
      <Filter>includes\detours</Filter>
    </ClCompile>
    <ClCompile Include="rpc\RpcCloseDoorsOfType.cpp">
      <Filter>rpc</Filter>
    </ClCompile>
    <ClCompile Include="rpc\RpcCompleteTask.cpp">
      <Filter>rpc</Filter>
    </ClCompile>
    <ClCompile Include="rpc\RpcMurderPlayer.cpp">
      <Filter>rpc</Filter>
    </ClCompile>
    <ClCompile Include="rpc\RpcPlayAnimation.cpp">
      <Filter>rpc</Filter>
    </ClCompile>
    <ClCompile Include="rpc\RpcRepairSystem.cpp">
      <Filter>rpc</Filter>
    </ClCompile>
    <ClCompile Include="rpc\RpcReportPlayer.cpp">
      <Filter>rpc</Filter>
    </ClCompile>
    <ClCompile Include="rpc\RpcSetScanner.cpp">
      <Filter>rpc</Filter>
    </ClCompile>
    <ClCompile Include="rpc\RpcSetColor.cpp">
      <Filter>rpc</Filter>
    </ClCompile>
    <ClCompile Include="rpc\RpcSetName.cpp">
      <Filter>rpc</Filter>
    </ClCompile>
    <ClCompile Include="rpc\RpcSnapTo.cpp">
      <Filter>rpc</Filter>
    </ClCompile>
    <ClCompile Include="user\game.cpp">
      <Filter>user</Filter>
    </ClCompile>
    <ClCompile Include="user\main.cpp">
      <Filter>user</Filter>
    </ClCompile>
    <ClCompile Include="user\resources.cpp">
      <Filter>user</Filter>
    </ClCompile>
    <ClCompile Include="user\state.cpp">
      <Filter>user</Filter>
    </ClCompile>
    <ClCompile Include="user\utility.cpp">
      <Filter>user</Filter>
    </ClCompile>
    <ClCompile Include="gui\tabs\radar_tab.cpp">
      <Filter>gui\tabs</Filter>
    </ClCompile>
    <ClCompile Include="framework\pch-il2cpp.cpp">
      <Filter>framework</Filter>
    </ClCompile>
    <ClCompile Include="gui\theme.cpp">
      <Filter>gui</Filter>
    </ClCompile>
    <ClCompile Include="user\keybinds.cpp">
      <Filter>user</Filter>
    </ClCompile>
    <ClCompile Include="gui\esp.cpp">
      <Filter>gui</Filter>
    </ClCompile>
    <ClCompile Include="gui\tabs\esp_tab.cpp">
      <Filter>gui\tabs</Filter>
    </ClCompile>
    <ClCompile Include="gui\RenderCmd.cpp">
      <Filter>gui</Filter>
    </ClCompile>
    <ClCompile Include="gui\Renderer.cpp">
      <Filter>gui</Filter>
    </ClCompile>
    <ClCompile Include="hooks\PolusShipStatus.cpp">
      <Filter>hooks</Filter>
    </ClCompile>
    <ClCompile Include="hooks\NoShadowBehaviour.cpp">
      <Filter>hooks</Filter>
    </ClCompile>
    <ClCompile Include="hooks\Camera.cpp">
      <Filter>hooks</Filter>
    </ClCompile>
    <ClCompile Include="rpc\CustomRpcHandler.cpp">
      <Filter>rpc</Filter>
    </ClCompile>
    <ClCompile Include="hooks\AirshipStatus.cpp">
      <Filter>hooks</Filter>
    </ClCompile>
    <ClCompile Include="hooks\PlainDoor.cpp">
      <Filter>hooks</Filter>
    </ClCompile>
    <ClCompile Include="user\logger.cpp">
      <Filter>user</Filter>
    </ClCompile>
    <ClCompile Include="hooks\UnityDebug.cpp">
      <Filter>hooks</Filter>
    </ClCompile>
    <ClCompile Include="rpc\RpcUsePlatform.cpp">
      <Filter>rpc</Filter>
    </ClCompile>
    <ClCompile Include="hooks\EOSManager.cpp">
      <Filter>hooks</Filter>
    </ClCompile>
    <ClCompile Include="rpc\RpcPlayerAppearance.cpp">
      <Filter>rpc</Filter>
    </ClCompile>
    <ClCompile Include="gui\console.cpp">
      <Filter>gui</Filter>
    </ClCompile>
    <ClCompile Include="events\CastVoteEvent.cpp">
      <Filter>events</Filter>
    </ClCompile>
    <ClCompile Include="events\CheatDetectedEvent.cpp">
      <Filter>events</Filter>
    </ClCompile>
    <ClCompile Include="events\KillEvent.cpp">
      <Filter>events</Filter>
    </ClCompile>
    <ClCompile Include="events\ReportDeadBodyEvent.cpp">
      <Filter>events</Filter>
    </ClCompile>
    <ClCompile Include="events\TaskCompletedEvent.cpp">
      <Filter>events</Filter>
    </ClCompile>
    <ClCompile Include="events\VentEvent.cpp">
      <Filter>events</Filter>
    </ClCompile>
    <ClCompile Include="events\WalkEvent.cpp">
      <Filter>events</Filter>
    </ClCompile>
    <ClCompile Include="events\DisconnectEvent.cpp">
      <Filter>events</Filter>
    </ClCompile>
    <ClCompile Include="events\ShapeShiftEvent.cpp">
      <Filter>events</Filter>
    </ClCompile>
    <ClCompile Include="events\ProtectPlayerEvent.cpp">
      <Filter>events</Filter>
    </ClCompile>
    <ClInclude Include="hooks\RoleManager.hpp">
      <Filter>hooks</Filter>
    </ClInclude>
    <ClCompile Include="hooks\RoleManager.cpp">
      <Filter>hooks</Filter>
    </ClCompile>
    <ClCompile Include="hooks\PlayerPhysics.cpp">
      <Filter>hooks</Filter>
    </ClCompile>
    <ClCompile Include="rpc\RpcSetRole.cpp">
      <Filter>rpc</Filter>
    </ClCompile>
    <ClCompile Include="gui\replay.cpp">
      <Filter>gui</Filter>
    </ClCompile>
    <ClCompile Include="gui\tabs\replay_tab.cpp">
      <Filter>gui\tabs</Filter>
    </ClCompile>
    <ClCompile Include="user\profiler.cpp">
      <Filter>user</Filter>
    </ClCompile>
    <ClCompile Include="hooks\SaveManager.cpp">
      <Filter>hooks</Filter>
    </ClCompile>
    <ClCompile Include="hooks\AccountManager.cpp">
      <Filter>hooks</Filter>
    </ClCompile>
    <ClCompile Include="hooks\PlayerStorageManager.cpp">
      <Filter>hooks</Filter>
    </ClCompile>
    <ClCompile Include="rpc\RpcChatMessage.cpp">
      <Filter>rpc</Filter>
    </ClCompile>
    <ClCompile Include="gui\aum-chat.cpp">
      <Filter>gui</Filter>
    </ClCompile>
    <ClCompile Include="user\achievements.cpp">
      <Filter>user</Filter>
    </ClCompile>
  </ItemGroup>
  <ItemGroup>
    <ClInclude Include="appdata\il2cpp-api-functions.h">
      <Filter>appdata</Filter>
    </ClInclude>
    <ClInclude Include="appdata\il2cpp-classes.h">
      <Filter>appdata</Filter>
    </ClInclude>
    <ClInclude Include="appdata\il2cpp-functions.h">
      <Filter>appdata</Filter>
    </ClInclude>
    <ClInclude Include="appdata\il2cpp-translations.h">
      <Filter>appdata</Filter>
    </ClInclude>
    <ClInclude Include="appdata\il2cpp-types.h">
      <Filter>appdata</Filter>
    </ClInclude>
    <ClInclude Include="framework\il2cpp-appdata.h">
      <Filter>framework</Filter>
    </ClInclude>
    <ClInclude Include="framework\il2cpp-helpers.h">
      <Filter>framework</Filter>
    </ClInclude>
    <ClInclude Include="framework\il2cpp-init.h">
      <Filter>framework</Filter>
    </ClInclude>
    <ClInclude Include="framework\version.h">
      <Filter>framework</Filter>
    </ClInclude>
    <ClInclude Include="gui\gui-helpers.hpp">
      <Filter>gui</Filter>
    </ClInclude>
    <ClInclude Include="gui\menu.hpp">
      <Filter>gui</Filter>
    </ClInclude>
    <ClInclude Include="gui\radar.hpp">
      <Filter>gui</Filter>
    </ClInclude>
    <ClInclude Include="gui\theme.hpp">
      <Filter>gui</Filter>
    </ClInclude>
    <ClInclude Include="gui\tabs\debug_tab.h">
      <Filter>gui\tabs</Filter>
    </ClInclude>
    <ClInclude Include="gui\tabs\doors_tab.h">
      <Filter>gui\tabs</Filter>
    </ClInclude>
    <ClInclude Include="gui\tabs\game_tab.h">
      <Filter>gui\tabs</Filter>
    </ClInclude>
    <ClInclude Include="gui\tabs\host_tab.h">
      <Filter>gui\tabs</Filter>
    </ClInclude>
    <ClInclude Include="gui\tabs\players_tab.h">
      <Filter>gui\tabs</Filter>
    </ClInclude>
    <ClInclude Include="gui\tabs\sabotage_tab.h">
      <Filter>gui\tabs</Filter>
    </ClInclude>
    <ClInclude Include="gui\tabs\self_tab.h">
      <Filter>gui\tabs</Filter>
    </ClInclude>
    <ClInclude Include="gui\tabs\settings_tab.h">
      <Filter>gui\tabs</Filter>
    </ClInclude>
    <ClInclude Include="gui\tabs\tasks_tab.h">
      <Filter>gui\tabs</Filter>
    </ClInclude>
    <ClInclude Include="hooks\DirectX.h">
      <Filter>hooks</Filter>
    </ClInclude>
    <ClInclude Include="includes\crc32.h">
      <Filter>includes</Filter>
    </ClInclude>
    <ClInclude Include="includes\directx11.h">
      <Filter>includes</Filter>
    </ClInclude>
    <ClInclude Include="includes\json.hpp">
      <Filter>includes</Filter>
    </ClInclude>
    <ClInclude Include="includes\stb_image.h">
      <Filter>includes</Filter>
    </ClInclude>
    <ClInclude Include="resources\resource_data.h">
      <Filter>resources</Filter>
    </ClInclude>
    <ClInclude Include="includes\imgui\imconfig.h">
      <Filter>includes\imgui</Filter>
    </ClInclude>
    <ClInclude Include="includes\imgui\imgui.h">
      <Filter>includes\imgui</Filter>
    </ClInclude>
    <ClInclude Include="includes\imgui\imgui_impl_dx11.h">
      <Filter>includes\imgui</Filter>
    </ClInclude>
    <ClInclude Include="includes\imgui\imgui_impl_win32.h">
      <Filter>includes\imgui</Filter>
    </ClInclude>
    <ClInclude Include="includes\imgui\imgui_internal.h">
      <Filter>includes\imgui</Filter>
    </ClInclude>
    <ClInclude Include="includes\imgui\imstb_rectpack.h">
      <Filter>includes\imgui</Filter>
    </ClInclude>
    <ClInclude Include="includes\imgui\imstb_textedit.h">
      <Filter>includes\imgui</Filter>
    </ClInclude>
    <ClInclude Include="includes\imgui\imstb_truetype.h">
      <Filter>includes\imgui</Filter>
    </ClInclude>
    <ClInclude Include="includes\detours\detours.h">
      <Filter>includes\detours</Filter>
    </ClInclude>
    <ClInclude Include="rpc\_rpc.h">
      <Filter>rpc</Filter>
    </ClInclude>
    <ClInclude Include="user\main.h">
      <Filter>user</Filter>
    </ClInclude>
    <ClInclude Include="user\resources.h">
      <Filter>user</Filter>
    </ClInclude>
    <ClInclude Include="user\state.hpp">
      <Filter>user</Filter>
    </ClInclude>
    <ClInclude Include="user\utility.h">
      <Filter>user</Filter>
    </ClInclude>
    <ClInclude Include="gui\tabs\radar_tab.h">
      <Filter>gui\tabs</Filter>
    </ClInclude>
    <ClInclude Include="framework\pch-il2cpp.h">
      <Filter>framework</Filter>
    </ClInclude>
    <ClInclude Include="user\game.h">
      <Filter>user</Filter>
    </ClInclude>
    <ClInclude Include="hooks\_hooks.h">
      <Filter>hooks</Filter>
    </ClInclude>
    <ClInclude Include="user\keybinds.h">
      <Filter>user</Filter>
    </ClInclude>
    <ClInclude Include="hooks\SignatureScan.hpp">
      <Filter>hooks</Filter>
    </ClInclude>
    <ClInclude Include="gui\esp.hpp">
      <Filter>gui</Filter>
    </ClInclude>
    <ClInclude Include="gui\tabs\esp_tab.h">
      <Filter>gui\tabs</Filter>
    </ClInclude>
    <ClInclude Include="gui\RenderCmd.hpp">
      <Filter>gui</Filter>
    </ClInclude>
    <ClInclude Include="gui\Renderer.hpp">
      <Filter>gui</Filter>
    </ClInclude>
    <ClInclude Include="user\logger.h">
      <Filter>user</Filter>
    </ClInclude>
    <ClInclude Include="gui\console.hpp">
      <Filter>gui</Filter>
    </ClInclude>
    <ClInclude Include="events\_events.h">
      <Filter>events</Filter>
    </ClInclude>
    <ClInclude Include="user\achievements.hpp">
      <Filter>user</Filter>
    </ClInclude>
    <ClInclude Include="gui\replay.hpp">
      <Filter>gui</Filter>
    </ClInclude>
    <ClInclude Include="gui\tabs\replay_tab.h">
      <Filter>gui\tabs</Filter>
    </ClInclude>
    <ClInclude Include="user\profiler.h">
      <Filter>user</Filter>
    </ClInclude>
    <ClInclude Include="gui\aum-chat.hpp">
      <Filter>gui</Filter>
    </ClInclude>
    <ClInclude Include="user\DestroyableSingleton.h">
      <Filter>user</Filter>
    </ClInclude>
  </ItemGroup>
  <ItemGroup>
    <Image Include="resources\mira_hq.png">
      <Filter>resources</Filter>
    </Image>
    <Image Include="resources\polus.png">
      <Filter>resources</Filter>
    </Image>
    <Image Include="resources\the_skald.png">
      <Filter>resources</Filter>
    </Image>
    <Image Include="resources\airship.png">
      <Filter>resources</Filter>
    </Image>
    <Image Include="resources\vent_in.png">
      <Filter>resources</Filter>
    </Image>
    <Image Include="resources\vent_out.png">
      <Filter>resources</Filter>
    </Image>
    <Image Include="resources\kill.png">
      <Filter>resources</Filter>
    </Image>
    <Image Include="resources\report.png">
      <Filter>resources</Filter>
    </Image>
    <Image Include="resources\tick.png">
      <Filter>resources</Filter>
    </Image>
    <Image Include="resources\player.png">
      <Filter>resources</Filter>
    </Image>
    <Image Include="resources\cross.png">
      <Filter>resources</Filter>
    </Image>
    <Image Include="resources\dead_body.png">
      <Filter>resources</Filter>
    </Image>
    <Image Include="resources\play.png">
      <Filter>resources</Filter>
    </Image>
    <Image Include="resources\pause.png">
      <Filter>resources</Filter>
    </Image>
  </ItemGroup>
  <ItemGroup>
    <None Include="framework\version.def">
      <Filter>framework</Filter>
    </None>
  </ItemGroup>
  <ItemGroup>
    <Filter Include="appdata">
      <UniqueIdentifier>{8efb06fd-20f3-49a1-b6e8-232aaad89878}</UniqueIdentifier>
    </Filter>
    <Filter Include="framework">
      <UniqueIdentifier>{a7e5ff23-2216-4f9e-bd38-4b79575f03e6}</UniqueIdentifier>
    </Filter>
    <Filter Include="gui">
      <UniqueIdentifier>{bfaa07b1-3f94-415d-8cac-9fcec6c401d9}</UniqueIdentifier>
    </Filter>
    <Filter Include="gui\tabs">
      <UniqueIdentifier>{27beaf6a-76a9-47fd-aa8a-d029baa6e0b2}</UniqueIdentifier>
    </Filter>
    <Filter Include="hooks">
      <UniqueIdentifier>{009af6ae-4634-4275-b7b3-a28d98d3573f}</UniqueIdentifier>
    </Filter>
    <Filter Include="includes">
      <UniqueIdentifier>{c2a7955e-b1c9-4d57-b86a-1fbce50519c1}</UniqueIdentifier>
    </Filter>
    <Filter Include="resources">
      <UniqueIdentifier>{a0167787-f37c-4edc-90a4-0bafda3453cf}</UniqueIdentifier>
    </Filter>
    <Filter Include="includes\imgui">
      <UniqueIdentifier>{eebff625-f733-4e03-bfe7-4dff783f1a1f}</UniqueIdentifier>
    </Filter>
    <Filter Include="includes\detours">
      <UniqueIdentifier>{378e45fb-fa32-4a1a-8a26-380e3080f20f}</UniqueIdentifier>
    </Filter>
    <Filter Include="rpc">
      <UniqueIdentifier>{36406117-edbc-46fd-a34a-7068bccbd535}</UniqueIdentifier>
    </Filter>
    <Filter Include="user">
      <UniqueIdentifier>{c598f5c4-711e-4883-91b4-c7a35d7110bd}</UniqueIdentifier>
    </Filter>
    <Filter Include="events">
      <UniqueIdentifier>{13db4fa6-8f92-4d9a-ad87-758b95781032}</UniqueIdentifier>
    </Filter>
  </ItemGroup>
  <ItemGroup>
    <ResourceCompile Include="resources\resource_data.rc">
      <Filter>resources</Filter>
    </ResourceCompile>
  </ItemGroup>
</Project>