<?xml version="1.0" encoding="utf-8"?>
<Project ToolsVersion="4.0" xmlns="http://schemas.microsoft.com/developer/msbuild/2003">
  <ItemGroup>
    <ClCompile Include="user\main.cpp">
      <Filter>user</Filter>
    </ClCompile>
    <ClCompile Include="framework\dllmain.cpp">
      <Filter>framework</Filter>
    </ClCompile>
    <ClCompile Include="framework\helpers.cpp">
      <Filter>framework</Filter>
    </ClCompile>
    <ClCompile Include="framework\il2cpp-init.cpp">
      <Filter>framework</Filter>
    </ClCompile>
    <ClCompile Include="framework\pch-il2cpp.cpp">
      <Filter>framework</Filter>
    </ClCompile>
  </ItemGroup>
  <ItemGroup>
    <ClInclude Include="user\main.h">
      <Filter>user</Filter>
    </ClInclude>
    <ClInclude Include="appdata\il2cpp-api-functions.h">
      <Filter>appdata</Filter>
    </ClInclude>
    <ClInclude Include="appdata\il2cpp-api-functions-ptr.h">
      <Filter>appdata</Filter>
    </ClInclude>
    <ClInclude Include="appdata\il2cpp-functions.h">
      <Filter>appdata</Filter>
    </ClInclude>
    <ClInclude Include="appdata\il2cpp-types.h">
      <Filter>appdata</Filter>
    </ClInclude>
    <ClInclude Include="appdata\il2cpp-types-ptr.h">
      <Filter>appdata</Filter>
    </ClInclude>
    <ClInclude Include="framework\helpers.h">
      <Filter>framework</Filter>
    </ClInclude>
    <ClInclude Include="framework\il2cpp-appdata.h">
      <Filter>framework</Filter>
    </ClInclude>
    <ClInclude Include="framework\il2cpp-init.h">
      <Filter>framework</Filter>
    </ClInclude>
    <ClInclude Include="framework\pch-il2cpp.h">
      <Filter>framework</Filter>
    </ClInclude>
  </ItemGroup>
  <ItemGroup>
    <Filter Include="appdata">
      <UniqueIdentifier>{c97effbd-4c1e-486e-92a0-3660d7c387d8}</UniqueIdentifier>
    </Filter>
    <Filter Include="framework">
      <UniqueIdentifier>{65f485d3-130b-404a-a5d7-820042ebe1b0}</UniqueIdentifier>
    </Filter>
    <Filter Include="user">
      <UniqueIdentifier>{289945df-6342-463d-b11b-77f3d309ea0d}</UniqueIdentifier>
    </Filter>
  </ItemGroup>
</Project>